
Microsoft Visual Studio Solution File, Format Version 12.00
# Visual Studio Version 16
VisualStudioVersion = 16.0.32002.261
MinimumVisualStudioVersion = 10.0.40219.1
Project("{9A19103F-16F7-4668-BE54-9A1E7A4F7556}") = "SlothingStoreSystem", "SlothingStoreSystem\SlothingStoreSystem.csproj", "{73572F7D-8DCB-4AD7-9AB2-C715C3A124B6}"
EndProject
Project("{54435603-DBB4-11D2-8724-00A0C9A8B90C}") = "SlothingStoreSystem Instalador", "SlothingStoreSystem\Instalador\SlothingStoreSystem Instalador\SlothingStoreSystem Instalador.vdproj", "{D1FCD480-F927-4233-8C8F-B5AFA123FFB4}"
EndProject
Global
	GlobalSection(SolutionConfigurationPlatforms) = preSolution
		Debug|Any CPU = Debug|Any CPU
		Release|Any CPU = Release|Any CPU
	EndGlobalSection
	GlobalSection(ProjectConfigurationPlatforms) = postSolution
		{73572F7D-8DCB-4AD7-9AB2-C715C3A124B6}.Debug|Any CPU.ActiveCfg = Debug|Any CPU
		{73572F7D-8DCB-4AD7-9AB2-C715C3A124B6}.Debug|Any CPU.Build.0 = Debug|Any CPU
		{73572F7D-8DCB-4AD7-9AB2-C715C3A124B6}.Release|Any CPU.ActiveCfg = Release|Any CPU
		{73572F7D-8DCB-4AD7-9AB2-C715C3A124B6}.Release|Any CPU.Build.0 = Release|Any CPU
		{D1FCD480-F927-4233-8C8F-B5AFA123FFB4}.Debug|Any CPU.ActiveCfg = Debug
		{D1FCD480-F927-4233-8C8F-B5AFA123FFB4}.Release|Any CPU.ActiveCfg = Release
	EndGlobalSection
	GlobalSection(SolutionProperties) = preSolution
		HideSolutionNode = FALSE
	EndGlobalSection
	GlobalSection(ExtensibilityGlobals) = postSolution
		SolutionGuid = {71BEC2D8-08AB-44E6-A8D7-9D0039842121}
	EndGlobalSection
EndGlobal
